
Microsoft Visual Studio Solution File, Format Version 12.00
# Visual Studio Version 17
VisualStudioVersion = 17.8.34525.116
MinimumVisualStudioVersion = 10.0.40219.1
Project("{FAE04EC0-301F-11D3-BF4B-00C04F79EFBC}") = "symmetry", "symmetry.csproj", "{816FCADA-4288-47B3-BC00-69021BBB0ECD}"
EndProject
Global
	GlobalSection(SolutionConfigurationPlatforms) = preSolution
		Debug|Any CPU = Debug|Any CPU
		Debug|x64 = Debug|x64
		Release|Any CPU = Release|Any CPU
		Release|x64 = Release|x64
	EndGlobalSection
	GlobalSection(ProjectConfigurationPlatforms) = postSolution
		{816FCADA-4288-47B3-BC00-69021BBB0ECD}.Debug|Any CPU.ActiveCfg = Debug|Any CPU
		{816FCADA-4288-47B3-BC00-69021BBB0ECD}.Debug|Any CPU.Build.0 = Debug|Any CPU
		{816FCADA-4288-47B3-BC00-69021BBB0ECD}.Debug|x64.ActiveCfg = Debug|Any CPU
		{816FCADA-4288-47B3-BC00-69021BBB0ECD}.Debug|x64.Build.0 = Debug|Any CPU
		{816FCADA-4288-47B3-BC00-69021BBB0ECD}.Release|Any CPU.ActiveCfg = Release|Any CPU
		{816FCADA-4288-47B3-BC00-69021BBB0ECD}.Release|Any CPU.Build.0 = Release|Any CPU
		{816FCADA-4288-47B3-BC00-69021BBB0ECD}.Release|x64.ActiveCfg = Release|Any CPU
		{816FCADA-4288-47B3-BC00-69021BBB0ECD}.Release|x64.Build.0 = Release|Any CPU
	EndGlobalSection
	GlobalSection(SolutionProperties) = preSolution
		HideSolutionNode = FALSE
	EndGlobalSection
	GlobalSection(ExtensibilityGlobals) = postSolution
		SolutionGuid = {FE54F51B-C22D-455D-BBCB-F3EAD5353BA9}
	EndGlobalSection
EndGlobal
